
Microsoft Visual Studio Solution File, Format Version 12.00
# Visual Studio Version 16
VisualStudioVersion = 16.0.31624.102
MinimumVisualStudioVersion = 10.0.40219.1
Project("{FAE04EC0-301F-11D3-BF4B-00C04F79EFBC}") = "Web_App_01.0.0", "Web_App_01.0.0\Web_App_01.0.0.csproj", "{02427B34-A668-4673-9C23-73AC3AAF3AC1}"
EndProject
Global
	GlobalSection(SolutionConfigurationPlatforms) = preSolution
		Debug|Any CPU = Debug|Any CPU
		Release|Any CPU = Release|Any CPU
	EndGlobalSection
	GlobalSection(ProjectConfigurationPlatforms) = postSolution
		{02427B34-A668-4673-9C23-73AC3AAF3AC1}.Debug|Any CPU.ActiveCfg = Debug|Any CPU
		{02427B34-A668-4673-9C23-73AC3AAF3AC1}.Debug|Any CPU.Build.0 = Debug|Any CPU
		{02427B34-A668-4673-9C23-73AC3AAF3AC1}.Release|Any CPU.ActiveCfg = Release|Any CPU
		{02427B34-A668-4673-9C23-73AC3AAF3AC1}.Release|Any CPU.Build.0 = Release|Any CPU
	EndGlobalSection
	GlobalSection(SolutionProperties) = preSolution
		HideSolutionNode = FALSE
	EndGlobalSection
	GlobalSection(ExtensibilityGlobals) = postSolution
		SolutionGuid = {44932D97-AD7A-4849-8A65-C30BE411391A}
	EndGlobalSection
EndGlobal
